// !$*UTF8*$!
{
	archiveVersion = 1;
	classes = {
	};
	objectVersion = 46;
	objects = {

/* Begin PBXBuildFile section */
		A76A5B891E06E079002D7F8C /* AppDelegate.swift in Sources */ = {isa = PBXBuildFile; fileRef = A76A5B881E06E079002D7F8C /* AppDelegate.swift */; };
		A78266B31DC929CA009F4EC6 /* ViewController.swift in Sources */ = {isa = PBXBuildFile; fileRef = A78266B21DC929CA009F4EC6 /* ViewController.swift */; };
		A78266B61DC929CA009F4EC6 /* Main.storyboard in Resources */ = {isa = PBXBuildFile; fileRef = A78266B41DC929CA009F4EC6 /* Main.storyboard */; };
		A78266B81DC929CA009F4EC6 /* Assets.xcassets in Resources */ = {isa = PBXBuildFile; fileRef = A78266B71DC929CA009F4EC6 /* Assets.xcassets */; };
		A78266BB1DC929CA009F4EC6 /* LaunchScreen.storyboard in Resources */ = {isa = PBXBuildFile; fileRef = A78266B91DC929CA009F4EC6 /* LaunchScreen.storyboard */; };
/* End PBXBuildFile section */

/* Begin PBXFileReference section */
		A76A5B881E06E079002D7F8C /* AppDelegate.swift */ = {isa = PBXFileReference; fileEncoding = 4; lastKnownFileType = sourcecode.swift; path = AppDelegate.swift; sourceTree = "<group>"; };
		A76A5B8A1E06E128002D7F8C /* Info.plist */ = {isa = PBXFileReference; fileEncoding = 4; lastKnownFileType = text.plist.xml; path = Info.plist; sourceTree = "<group>"; };
		A78266AD1DC929CA009F4EC6 /* RSDHLogger.app */ = {isa = PBXFileReference; explicitFileType = wrapper.application; includeInIndex = 0; path = RSDHLogger.app; sourceTree = BUILT_PRODUCTS_DIR; };
		A78266B21DC929CA009F4EC6 /* ViewController.swift */ = {isa = PBXFileReference; lastKnownFileType = sourcecode.swift; path = ViewController.swift; sourceTree = "<group>"; };
		A78266B51DC929CA009F4EC6 /* Base */ = {isa = PBXFileReference; lastKnownFileType = file.storyboard; name = Base; path = Base.lproj/Main.storyboard; sourceTree = "<group>"; };
		A78266B71DC929CA009F4EC6 /* Assets.xcassets */ = {isa = PBXFileReference; lastKnownFileType = folder.assetcatalog; path = Assets.xcassets; sourceTree = "<group>"; };
		A78266BA1DC929CA009F4EC6 /* Base */ = {isa = PBXFileReference; lastKnownFileType = file.storyboard; name = Base; path = Base.lproj/LaunchScreen.storyboard; sourceTree = "<group>"; };
/* End PBXFileReference section */

/* Begin PBXFrameworksBuildPhase section */
		A78266AA1DC929CA009F4EC6 /* Frameworks */ = {
			isa = PBXFrameworksBuildPhase;
			buildActionMask = 2147483647;
			files = (
			);
			runOnlyForDeploymentPostprocessing = 0;
		};
/* End PBXFrameworksBuildPhase section */

/* Begin PBXGroup section */
		A78266A41DC929CA009F4EC6 = {
			isa = PBXGroup;
			children = (
				A78266AF1DC929CA009F4EC6 /* RSDHLogger */,
				A78266AE1DC929CA009F4EC6 /* Products */,
			);
			sourceTree = "<group>";
		};
		A78266AE1DC929CA009F4EC6 /* Products */ = {
			isa = PBXGroup;
			children = (
				A78266AD1DC929CA009F4EC6 /* RSDHLogger.app */,
			);
			name = Products;
			sourceTree = "<group>";
		};
		A78266AF1DC929CA009F4EC6 /* RSDHLogger */ = {
			isa = PBXGroup;
			children = (
				A76A5B881E06E079002D7F8C /* AppDelegate.swift */,
				A78266B21DC929CA009F4EC6 /* ViewController.swift */,
				A78266B41DC929CA009F4EC6 /* Main.storyboard */,
				A78266B71DC929CA009F4EC6 /* Assets.xcassets */,
				A78266B91DC929CA009F4EC6 /* LaunchScreen.storyboard */,
				A76A5B8A1E06E128002D7F8C /* Info.plist */,
			);
			path = RSDHLogger;
			sourceTree = "<group>";
		};
/* End PBXGroup section */

/* Begin PBXNativeTarget section */
		A78266AC1DC929CA009F4EC6 /* RSDHLogger */ = {
			isa = PBXNativeTarget;
			buildConfigurationList = A78266BF1DC929CA009F4EC6 /* Build configuration list for PBXNativeTarget "RSDHLogger" */;
			buildPhases = (
				A78266A91DC929CA009F4EC6 /* Sources */,
				A78266AA1DC929CA009F4EC6 /* Frameworks */,
				A78266AB1DC929CA009F4EC6 /* Resources */,
			);
			buildRules = (
			);
			dependencies = (
			);
			name = RSDHLogger;
			productName = MyBeacon;
			productReference = A78266AD1DC929CA009F4EC6 /* RSDHLogger.app */;
			productType = "com.apple.product-type.application";
		};
/* End PBXNativeTarget section */

/* Begin PBXProject section */
		A78266A51DC929CA009F4EC6 /* Project object */ = {
			isa = PBXProject;
			attributes = {
				LastSwiftUpdateCheck = 0730;
				LastUpgradeCheck = 0820;
				ORGANIZATIONNAME = "Tomoaki Fuji";
				TargetAttributes = {
					A78266AC1DC929CA009F4EC6 = {
						CreatedOnToolsVersion = 7.3;
						DevelopmentTeam = JLMV3YZ74W;
						LastSwiftMigration = 0810;
						ProvisioningStyle = Automatic;
						SystemCapabilities = {
							com.apple.BackgroundModes = {
								enabled = 1;
							};
						};
					};
				};
			};
			buildConfigurationList = A78266A81DC929CA009F4EC6 /* Build configuration list for PBXProject "RSDHLogger" */;
			compatibilityVersion = "Xcode 3.2";
			developmentRegion = English;
			hasScannedForEncodings = 0;
			knownRegions = (
				en,
				Base,
			);
			mainGroup = A78266A41DC929CA009F4EC6;
			productRefGroup = A78266AE1DC929CA009F4EC6 /* Products */;
			projectDirPath = "";
			projectRoot = "";
			targets = (
				A78266AC1DC929CA009F4EC6 /* RSDHLogger */,
			);
		};
/* End PBXProject section */

/* Begin PBXResourcesBuildPhase section */
		A78266AB1DC929CA009F4EC6 /* Resources */ = {
			isa = PBXResourcesBuildPhase;
			buildActionMask = 2147483647;
			files = (
				A78266BB1DC929CA009F4EC6 /* LaunchScreen.storyboard in Resources */,
				A78266B81DC929CA009F4EC6 /* Assets.xcassets in Resources */,
				A78266B61DC929CA009F4EC6 /* Main.storyboard in Resources */,
			);
			runOnlyForDeploymentPostprocessing = 0;
		};
/* End PBXResourcesBuildPhase section */

/* Begin PBXSourcesBuildPhase section */
		A78266A91DC929CA009F4EC6 /* Sources */ = {
			isa = PBXSourcesBuildPhase;
			buildActionMask = 2147483647;
			files = (
				A76A5B891E06E079002D7F8C /* AppDelegate.swift in Sources */,
				A78266B31DC929CA009F4EC6 /* ViewController.swift in Sources */,
			);
			runOnlyForDeploymentPostprocessing = 0;
		};
/* End PBXSourcesBuildPhase section */

/* Begin PBXVariantGroup section */
		A78266B41DC929CA009F4EC6 /* Main.storyboard */ = {
			isa = PBXVariantGroup;
			children = (
				A78266B51DC929CA009F4EC6 /* Base */,
			);
			name = Main.storyboard;
			sourceTree = "<group>";
		};
		A78266B91DC929CA009F4EC6 /* LaunchScreen.storyboard */ = {
			isa = PBXVariantGroup;
			children = (
				A78266BA1DC929CA009F4EC6 /* Base */,
			);
			name = LaunchScreen.storyboard;
			sourceTree = "<group>";
		};
/* End PBXVariantGroup section */

/* Begin XCBuildConfiguration section */
		A78266BD1DC929CA009F4EC6 /* Debug */ = {
			isa = XCBuildConfiguration;
			buildSettings = {
				ALWAYS_SEARCH_USER_PATHS = NO;
				CLANG_ANALYZER_NONNULL = YES;
				CLANG_CXX_LANGUAGE_STANDARD = "gnu++0x";
				CLANG_CXX_LIBRARY = "libc++";
				CLANG_ENABLE_MODULES = YES;
				CLANG_ENABLE_OBJC_ARC = YES;
				CLANG_WARN_BOOL_CONVERSION = YES;
				CLANG_WARN_CONSTANT_CONVERSION = YES;
				CLANG_WARN_DIRECT_OBJC_ISA_USAGE = YES_ERROR;
				CLANG_WARN_EMPTY_BODY = YES;
				CLANG_WARN_ENUM_CONVERSION = YES;
				CLANG_WARN_INFINITE_RECURSION = YES;
				CLANG_WARN_INT_CONVERSION = YES;
				CLANG_WARN_OBJC_ROOT_CLASS = YES_ERROR;
				CLANG_WARN_SUSPICIOUS_MOVE = YES;
				CLANG_WARN_UNREACHABLE_CODE = YES;
				CLANG_WARN__DUPLICATE_METHOD_MATCH = YES;
				"CODE_SIGN_IDENTITY[sdk=iphoneos*]" = "iPhone Developer";
				COPY_PHASE_STRIP = NO;
				DEBUG_INFORMATION_FORMAT = dwarf;
				ENABLE_STRICT_OBJC_MSGSEND = YES;
				ENABLE_TESTABILITY = YES;
				GCC_C_LANGUAGE_STANDARD = gnu99;
				GCC_DYNAMIC_NO_PIC = NO;
				GCC_NO_COMMON_BLOCKS = YES;
				GCC_OPTIMIZATION_LEVEL = 0;
				GCC_PREPROCESSOR_DEFINITIONS = (
					"DEBUG=1",
					"$(inherited)",
				);
				GCC_WARN_64_TO_32_BIT_CONVERSION = YES;
				GCC_WARN_ABOUT_RETURN_TYPE = YES_ERROR;
				GCC_WARN_UNDECLARED_SELECTOR = YES;
				GCC_WARN_UNINITIALIZED_AUTOS = YES_AGGRESSIVE;
				GCC_WARN_UNUSED_FUNCTION = YES;
				GCC_WARN_UNUSED_VARIABLE = YES;
				IPHONEOS_DEPLOYMENT_TARGET = 8.3;
				MTL_ENABLE_DEBUG_INFO = YES;
				ONLY_ACTIVE_ARCH = YES;
				SDKROOT = iphoneos;
				SWIFT_OPTIMIZATION_LEVEL = "-Onone";
				TARGETED_DEVICE_FAMILY = "1,2";
			};
			name = Debug;
		};
		A78266BE1DC929CA009F4EC6 /* Release */ = {
			isa = XCBuildConfiguration;
			buildSettings = {
				ALWAYS_SEARCH_USER_PATHS = NO;
				CLANG_ANALYZER_NONNULL = YES;
				CLANG_CXX_LANGUAGE_STANDARD = "gnu++0x";
				CLANG_CXX_LIBRARY = "libc++";
				CLANG_ENABLE_MODULES = YES;
				CLANG_ENABLE_OBJC_ARC = YES;
				CLANG_WARN_BOOL_CONVERSION = YES;
				CLANG_WARN_CONSTANT_CONVERSION = YES;
				CLANG_WARN_DIRECT_OBJC_ISA_USAGE = YES_ERROR;
				CLANG_WARN_EMPTY_BODY = YES;
				CLANG_WARN_ENUM_CONVERSION = YES;
				CLANG_WARN_INFINITE_RECURSION = YES;
				CLANG_WARN_INT_CONVERSION = YES;
				CLANG_WARN_OBJC_ROOT_CLASS = YES_ERROR;
				CLANG_WARN_SUSPICIOUS_MOVE = YES;
				CLANG_WARN_UNREACHABLE_CODE = YES;
				CLANG_WARN__DUPLICATE_METHOD_MATCH = YES;
				CODE_SIGN_IDENTITY = "";
				"CODE_SIGN_IDENTITY[sdk=iphoneos*]" = "iPhone Developer";
				COPY_PHASE_STRIP = NO;
				DEBUG_INFORMATION_FORMAT = "dwarf-with-dsym";
				ENABLE_NS_ASSERTIONS = NO;
				ENABLE_STRICT_OBJC_MSGSEND = YES;
				GCC_C_LANGUAGE_STANDARD = gnu99;
				GCC_NO_COMMON_BLOCKS = YES;
				GCC_WARN_64_TO_32_BIT_CONVERSION = YES;
				GCC_WARN_ABOUT_RETURN_TYPE = YES_ERROR;
				GCC_WARN_UNDECLARED_SELECTOR = YES;
				GCC_WARN_UNINITIALIZED_AUTOS = YES_AGGRESSIVE;
				GCC_WARN_UNUSED_FUNCTION = YES;
				GCC_WARN_UNUSED_VARIABLE = YES;
				IPHONEOS_DEPLOYMENT_TARGET = 8.3;
				MTL_ENABLE_DEBUG_INFO = NO;
				SDKROOT = iphoneos;
				SWIFT_OPTIMIZATION_LEVEL = "-Owholemodule";
				TARGETED_DEVICE_FAMILY = "1,2";
				VALIDATE_PRODUCT = YES;
			};
			name = Release;
		};
		A78266C01DC929CA009F4EC6 /* Debug */ = {
			isa = XCBuildConfiguration;
			buildSettings = {
				ASSETCATALOG_COMPILER_APPICON_NAME = AppIcon;
				CODE_SIGN_IDENTITY = "";
				"CODE_SIGN_IDENTITY[sdk=iphoneos*]" = "iPhone Developer";
				DEVELOPMENT_TEAM = JLMV3YZ74W;
				INFOPLIST_FILE = "$(SRCROOT)/RSDHLogger/Info.plist";
				IPHONEOS_DEPLOYMENT_TARGET = 8.3;
				LD_RUNPATH_SEARCH_PATHS = "$(inherited) @executable_path/Frameworks";
				OTHER_SWIFT_FLAGS = "";
				PRODUCT_BUNDLE_IDENTIFIER = jp.fuji.RSDHLogger;
				PRODUCT_NAME = "$(TARGET_NAME)";
				PROVISIONING_PROFILE = "";
				PROVISIONING_PROFILE_SPECIFIER = "";
				SWIFT_VERSION = 3.0;
				TARGETED_DEVICE_FAMILY = 1;
			};
			name = Debug;
		};
		A78266C11DC929CA009F4EC6 /* Release */ = {
			isa = XCBuildConfiguration;
			buildSettings = {
				ASSETCATALOG_COMPILER_APPICON_NAME = AppIcon;
				CODE_SIGN_IDENTITY = "";
				"CODE_SIGN_IDENTITY[sdk=iphoneos*]" = "iPhone Developer";
				DEVELOPMENT_TEAM = JLMV3YZ74W;
				INFOPLIST_FILE = "$(SRCROOT)/RSDHLogger/Info.plist";
				IPHONEOS_DEPLOYMENT_TARGET = 8.3;
				LD_RUNPATH_SEARCH_PATHS = "$(inherited) @executable_path/Frameworks";
				PRODUCT_BUNDLE_IDENTIFIER = jp.fuji.RSDHLogger;
				PRODUCT_NAME = "$(TARGET_NAME)";
				PROVISIONING_PROFILE = "";
				PROVISIONING_PROFILE_SPECIFIER = "";
				SWIFT_VERSION = 3.0;
				TARGETED_DEVICE_FAMILY = 1;
			};
			name = Release;
		};
/* End XCBuildConfiguration section */

/* Begin XCConfigurationList section */
		A78266A81DC929CA009F4EC6 /* Build configuration list for PBXProject "RSDHLogger" */ = {
			isa = XCConfigurationList;
			buildConfigurations = (
				A78266BD1DC929CA009F4EC6 /* Debug */,
				A78266BE1DC929CA009F4EC6 /* Release */,
			);
			defaultConfigurationIsVisible = 0;
			defaultConfigurationName = Release;
		};
		A78266BF1DC929CA009F4EC6 /* Build configuration list for PBXNativeTarget "RSDHLogger" */ = {
			isa = XCConfigurationList;
			buildConfigurations = (
				A78266C01DC929CA009F4EC6 /* Debug */,
				A78266C11DC929CA009F4EC6 /* Release */,
			);
			defaultConfigurationIsVisible = 0;
			defaultConfigurationName = Release;
		};
/* End XCConfigurationList section */
	};
	rootObject = A78266A51DC929CA009F4EC6 /* Project object */;
}
